<?xml version="1.0" encoding="utf-8"?>
<Project ToolsVersion="4.0" xmlns="http://schemas.microsoft.com/developer/msbuild/2003">
  <ItemGroup>
    <Filter Include="res">
    </Filter>
    <Filter Include="src">
    </Filter>
    <Filter Include="res\dds">
      <UniqueIdentifier>{e55798ce-c7c2-41b4-92ec-9adce8d3a4d9}</UniqueIdentifier>
    </Filter>
  </ItemGroup>
  <ItemGroup>
    <None Include="game.config" />
    <None Include="icon.png" />
    <None Include="bar-descriptor.xml" />
    <None Include="res\box.dae">
      <Filter>res</Filter>
    </None>
    <None Include="res\box.gpb">
      <Filter>res</Filter>
    </None>
    <None Include="res\box.material">
      <Filter>res</Filter>
    </None>
    <None Include="res\colored.frag">
      <Filter>res</Filter>
    </None>
    <None Include="res\colored.vert">
      <Filter>res</Filter>
    </None>
    <None Include="res\battlebots.material">
      <Filter>res</Filter>
    </None>
    <None Include="res\battlebots.physics">
      <Filter>res</Filter>
    </None>
    <None Include="res\battlebots.scene">
      <Filter>res</Filter>
    </None>
    <None Include="res\game.fbx">
      <Filter>res</Filter>
    </None>
    <None Include="res\game.gpb">
      <Filter>res</Filter>
    </None>
    <None Include="res\concrete_bare.jpg">
      <Filter>res</Filter>
    </None>
    <None Include="res\dds\concrete_bare.dds">
      <Filter>res\dds</Filter>
    </None>
    <None Include="res\dds\brick_grey.dds">
      <Filter>res\dds</Filter>
    </None>
  </ItemGroup>
  <ItemGroup>
    <ClInclude Include="src\BattleBots.h">
      <Filter>src</Filter>
    </ClInclude>
  </ItemGroup>
  <ItemGroup>
    <ClCompile Include="src\BattleBots.cpp">
      <Filter>src</Filter>
    </ClCompile>
  </ItemGroup>
</Project>